github.com/Velocidex/go-pe v0.1.0 h1:61exC+Pw19MrYsqIUlTYbd9kXrC9VlzJ6LwTuR1189s=
github.com/Velocidex/go-pe v0.1.0/go.mod h1:H1wm5g52S08RsAxDGA+aQ6tOw5tRDSNchHB6/Zuvh0c=
github.com/yalue/elf_reader v1.0.1 h1:cGeZnBP4g8u06YlEb1cef9uJBx8shQ4XM/Gyk2e4ls8=
github.com/yalue/elf_reader v1.0.1/go.mod h1:2WMcv9f54UGq8H2MU4EHstdkSl0L0v2AycubDcDtpVU=
